
Microsoft Visual Studio Solution File, Format Version 12.00
# Visual Studio Version 17
VisualStudioVersion = 17.0.31912.275
MinimumVisualStudioVersion = 10.0.40219.1
Project("{FAE04EC0-301F-11D3-BF4B-00C04F79EFBC}") = "Absolute Value", "Absolute Value.csproj", "{C0CAB9D0-0908-418A-85FE-F04E0F350E14}"
EndProject
Global
	GlobalSection(SolutionConfigurationPlatforms) = preSolution
		Debug|Any CPU = Debug|Any CPU
		Release|Any CPU = Release|Any CPU
	EndGlobalSection
	GlobalSection(ProjectConfigurationPlatforms) = postSolution
		{C0CAB9D0-0908-418A-85FE-F04E0F350E14}.Debug|Any CPU.ActiveCfg = Debug|Any CPU
		{C0CAB9D0-0908-418A-85FE-F04E0F350E14}.Debug|Any CPU.Build.0 = Debug|Any CPU
		{C0CAB9D0-0908-418A-85FE-F04E0F350E14}.Release|Any CPU.ActiveCfg = Release|Any CPU
		{C0CAB9D0-0908-418A-85FE-F04E0F350E14}.Release|Any CPU.Build.0 = Release|Any CPU
	EndGlobalSection
	GlobalSection(SolutionProperties) = preSolution
		HideSolutionNode = FALSE
	EndGlobalSection
	GlobalSection(ExtensibilityGlobals) = postSolution
		SolutionGuid = {805A5A4E-5602-4B44-994A-C829700E1B05}
	EndGlobalSection
EndGlobal
