
Microsoft Visual Studio Solution File, Format Version 12.00
# Visual Studio Version 17
VisualStudioVersion = 17.0.31912.275
MinimumVisualStudioVersion = 10.0.40219.1
Project("{FAE04EC0-301F-11D3-BF4B-00C04F79EFBC}") = "Vector Sum", "Vector Sum.csproj", "{A58AE871-21B2-4F6A-B6C9-2BAB3C782A59}"
EndProject
Global
	GlobalSection(SolutionConfigurationPlatforms) = preSolution
		Debug|Any CPU = Debug|Any CPU
		Release|Any CPU = Release|Any CPU
	EndGlobalSection
	GlobalSection(ProjectConfigurationPlatforms) = postSolution
		{A58AE871-21B2-4F6A-B6C9-2BAB3C782A59}.Debug|Any CPU.ActiveCfg = Debug|Any CPU
		{A58AE871-21B2-4F6A-B6C9-2BAB3C782A59}.Debug|Any CPU.Build.0 = Debug|Any CPU
		{A58AE871-21B2-4F6A-B6C9-2BAB3C782A59}.Release|Any CPU.ActiveCfg = Release|Any CPU
		{A58AE871-21B2-4F6A-B6C9-2BAB3C782A59}.Release|Any CPU.Build.0 = Release|Any CPU
	EndGlobalSection
	GlobalSection(SolutionProperties) = preSolution
		HideSolutionNode = FALSE
	EndGlobalSection
	GlobalSection(ExtensibilityGlobals) = postSolution
		SolutionGuid = {55B7A81B-8690-4C67-99CF-3E4A7137838B}
	EndGlobalSection
EndGlobal
