
Microsoft Visual Studio Solution File, Format Version 12.00
# Visual Studio Version 16
VisualStudioVersion = 16.0.31911.196
MinimumVisualStudioVersion = 10.0.40219.1
Project("{FAE04EC0-301F-11D3-BF4B-00C04F79EFBC}") = "Days Of The Week", "Days Of The Week.csproj", "{2B0BBDE0-53D9-49DD-8A0C-32338C7304FF}"
EndProject
Global
	GlobalSection(SolutionConfigurationPlatforms) = preSolution
		Debug|Any CPU = Debug|Any CPU
		Release|Any CPU = Release|Any CPU
	EndGlobalSection
	GlobalSection(ProjectConfigurationPlatforms) = postSolution
		{2B0BBDE0-53D9-49DD-8A0C-32338C7304FF}.Debug|Any CPU.ActiveCfg = Debug|Any CPU
		{2B0BBDE0-53D9-49DD-8A0C-32338C7304FF}.Debug|Any CPU.Build.0 = Debug|Any CPU
		{2B0BBDE0-53D9-49DD-8A0C-32338C7304FF}.Release|Any CPU.ActiveCfg = Release|Any CPU
		{2B0BBDE0-53D9-49DD-8A0C-32338C7304FF}.Release|Any CPU.Build.0 = Release|Any CPU
	EndGlobalSection
	GlobalSection(SolutionProperties) = preSolution
		HideSolutionNode = FALSE
	EndGlobalSection
	GlobalSection(ExtensibilityGlobals) = postSolution
		SolutionGuid = {E6F427D6-0F17-45BE-AA31-D1733F93C79A}
	EndGlobalSection
EndGlobal
