
Microsoft Visual Studio Solution File, Format Version 12.00
# Visual Studio Version 17
VisualStudioVersion = 17.0.31912.275
MinimumVisualStudioVersion = 10.0.40219.1
Project("{FAE04EC0-301F-11D3-BF4B-00C04F79EFBC}") = "Longest Word", "Longest Word.csproj", "{6E16FF53-46EC-49ED-A8BF-C43D1B1E128C}"
EndProject
Global
	GlobalSection(SolutionConfigurationPlatforms) = preSolution
		Debug|Any CPU = Debug|Any CPU
		Release|Any CPU = Release|Any CPU
	EndGlobalSection
	GlobalSection(ProjectConfigurationPlatforms) = postSolution
		{6E16FF53-46EC-49ED-A8BF-C43D1B1E128C}.Debug|Any CPU.ActiveCfg = Debug|Any CPU
		{6E16FF53-46EC-49ED-A8BF-C43D1B1E128C}.Debug|Any CPU.Build.0 = Debug|Any CPU
		{6E16FF53-46EC-49ED-A8BF-C43D1B1E128C}.Release|Any CPU.ActiveCfg = Release|Any CPU
		{6E16FF53-46EC-49ED-A8BF-C43D1B1E128C}.Release|Any CPU.Build.0 = Release|Any CPU
	EndGlobalSection
	GlobalSection(SolutionProperties) = preSolution
		HideSolutionNode = FALSE
	EndGlobalSection
	GlobalSection(ExtensibilityGlobals) = postSolution
		SolutionGuid = {E6564D25-6037-402C-814B-C6ED60F473D3}
	EndGlobalSection
EndGlobal
