
Microsoft Visual Studio Solution File, Format Version 12.00
# Visual Studio Version 17
VisualStudioVersion = 17.0.31912.275
MinimumVisualStudioVersion = 10.0.40219.1
Project("{FAE04EC0-301F-11D3-BF4B-00C04F79EFBC}") = "Remove Specified Characters", "Remove Specified Characters.csproj", "{5AFBF722-DAB3-43A6-B983-59D3E3034188}"
EndProject
Global
	GlobalSection(SolutionConfigurationPlatforms) = preSolution
		Debug|Any CPU = Debug|Any CPU
		Release|Any CPU = Release|Any CPU
	EndGlobalSection
	GlobalSection(ProjectConfigurationPlatforms) = postSolution
		{5AFBF722-DAB3-43A6-B983-59D3E3034188}.Debug|Any CPU.ActiveCfg = Debug|Any CPU
		{5AFBF722-DAB3-43A6-B983-59D3E3034188}.Debug|Any CPU.Build.0 = Debug|Any CPU
		{5AFBF722-DAB3-43A6-B983-59D3E3034188}.Release|Any CPU.ActiveCfg = Release|Any CPU
		{5AFBF722-DAB3-43A6-B983-59D3E3034188}.Release|Any CPU.Build.0 = Release|Any CPU
	EndGlobalSection
	GlobalSection(SolutionProperties) = preSolution
		HideSolutionNode = FALSE
	EndGlobalSection
	GlobalSection(ExtensibilityGlobals) = postSolution
		SolutionGuid = {1A30E0A0-EB50-4D95-A412-3CD3F5079710}
	EndGlobalSection
EndGlobal
