
Microsoft Visual Studio Solution File, Format Version 12.00
# Visual Studio Version 17
VisualStudioVersion = 17.0.31912.275
MinimumVisualStudioVersion = 10.0.40219.1
Project("{FAE04EC0-301F-11D3-BF4B-00C04F79EFBC}") = "Even And Odd", "Even And Odd.csproj", "{ABD7A9BD-4EFB-4293-A9CC-89D3F23B9E03}"
EndProject
Global
	GlobalSection(SolutionConfigurationPlatforms) = preSolution
		Debug|Any CPU = Debug|Any CPU
		Release|Any CPU = Release|Any CPU
	EndGlobalSection
	GlobalSection(ProjectConfigurationPlatforms) = postSolution
		{ABD7A9BD-4EFB-4293-A9CC-89D3F23B9E03}.Debug|Any CPU.ActiveCfg = Debug|Any CPU
		{ABD7A9BD-4EFB-4293-A9CC-89D3F23B9E03}.Debug|Any CPU.Build.0 = Debug|Any CPU
		{ABD7A9BD-4EFB-4293-A9CC-89D3F23B9E03}.Release|Any CPU.ActiveCfg = Release|Any CPU
		{ABD7A9BD-4EFB-4293-A9CC-89D3F23B9E03}.Release|Any CPU.Build.0 = Release|Any CPU
	EndGlobalSection
	GlobalSection(SolutionProperties) = preSolution
		HideSolutionNode = FALSE
	EndGlobalSection
	GlobalSection(ExtensibilityGlobals) = postSolution
		SolutionGuid = {8AA22B18-BF57-4266-A7A2-846B32371C26}
	EndGlobalSection
EndGlobal
