
Microsoft Visual Studio Solution File, Format Version 12.00
# Visual Studio Version 17
VisualStudioVersion = 17.0.31912.275
MinimumVisualStudioVersion = 10.0.40219.1
Project("{FAE04EC0-301F-11D3-BF4B-00C04F79EFBC}") = "Specified Start", "Specified Start.csproj", "{F712C358-50DA-4FEA-8E60-3F1AC0E1D3FB}"
EndProject
Global
	GlobalSection(SolutionConfigurationPlatforms) = preSolution
		Debug|Any CPU = Debug|Any CPU
		Release|Any CPU = Release|Any CPU
	EndGlobalSection
	GlobalSection(ProjectConfigurationPlatforms) = postSolution
		{F712C358-50DA-4FEA-8E60-3F1AC0E1D3FB}.Debug|Any CPU.ActiveCfg = Debug|Any CPU
		{F712C358-50DA-4FEA-8E60-3F1AC0E1D3FB}.Debug|Any CPU.Build.0 = Debug|Any CPU
		{F712C358-50DA-4FEA-8E60-3F1AC0E1D3FB}.Release|Any CPU.ActiveCfg = Release|Any CPU
		{F712C358-50DA-4FEA-8E60-3F1AC0E1D3FB}.Release|Any CPU.Build.0 = Release|Any CPU
	EndGlobalSection
	GlobalSection(SolutionProperties) = preSolution
		HideSolutionNode = FALSE
	EndGlobalSection
	GlobalSection(ExtensibilityGlobals) = postSolution
		SolutionGuid = {C5787788-3430-40E5-BA5E-F08B01FF6CEC}
	EndGlobalSection
EndGlobal
