
Microsoft Visual Studio Solution File, Format Version 12.00
# Visual Studio Version 16
VisualStudioVersion = 16.0.31911.196
MinimumVisualStudioVersion = 10.0.40219.1
Project("{FAE04EC0-301F-11D3-BF4B-00C04F79EFBC}") = "Numbers", "Numbers.csproj", "{B4821A09-3E1E-4387-8855-B6F75BA44FC5}"
EndProject
Global
	GlobalSection(SolutionConfigurationPlatforms) = preSolution
		Debug|Any CPU = Debug|Any CPU
		Release|Any CPU = Release|Any CPU
	EndGlobalSection
	GlobalSection(ProjectConfigurationPlatforms) = postSolution
		{B4821A09-3E1E-4387-8855-B6F75BA44FC5}.Debug|Any CPU.ActiveCfg = Debug|Any CPU
		{B4821A09-3E1E-4387-8855-B6F75BA44FC5}.Debug|Any CPU.Build.0 = Debug|Any CPU
		{B4821A09-3E1E-4387-8855-B6F75BA44FC5}.Release|Any CPU.ActiveCfg = Release|Any CPU
		{B4821A09-3E1E-4387-8855-B6F75BA44FC5}.Release|Any CPU.Build.0 = Release|Any CPU
	EndGlobalSection
	GlobalSection(SolutionProperties) = preSolution
		HideSolutionNode = FALSE
	EndGlobalSection
	GlobalSection(ExtensibilityGlobals) = postSolution
		SolutionGuid = {9F584B04-8279-4B73-A49E-142EB1C12201}
	EndGlobalSection
EndGlobal
