
Microsoft Visual Studio Solution File, Format Version 12.00
# Visual Studio Version 16
VisualStudioVersion = 16.0.31911.196
MinimumVisualStudioVersion = 10.0.40219.1
Project("{FAE04EC0-301F-11D3-BF4B-00C04F79EFBC}") = "Radius", "Radius.csproj", "{2D4D1D7E-C39D-4BD3-9DCC-109109AC2D3A}"
EndProject
Global
	GlobalSection(SolutionConfigurationPlatforms) = preSolution
		Debug|Any CPU = Debug|Any CPU
		Release|Any CPU = Release|Any CPU
	EndGlobalSection
	GlobalSection(ProjectConfigurationPlatforms) = postSolution
		{2D4D1D7E-C39D-4BD3-9DCC-109109AC2D3A}.Debug|Any CPU.ActiveCfg = Debug|Any CPU
		{2D4D1D7E-C39D-4BD3-9DCC-109109AC2D3A}.Debug|Any CPU.Build.0 = Debug|Any CPU
		{2D4D1D7E-C39D-4BD3-9DCC-109109AC2D3A}.Release|Any CPU.ActiveCfg = Release|Any CPU
		{2D4D1D7E-C39D-4BD3-9DCC-109109AC2D3A}.Release|Any CPU.Build.0 = Release|Any CPU
	EndGlobalSection
	GlobalSection(SolutionProperties) = preSolution
		HideSolutionNode = FALSE
	EndGlobalSection
	GlobalSection(ExtensibilityGlobals) = postSolution
		SolutionGuid = {088BEBA4-DE7E-4B1C-A93C-AF749598C6E5}
	EndGlobalSection
EndGlobal
