
Microsoft Visual Studio Solution File, Format Version 12.00
# Visual Studio Version 17
VisualStudioVersion = 17.0.31912.275
MinimumVisualStudioVersion = 10.0.40219.1
Project("{FAE04EC0-301F-11D3-BF4B-00C04F79EFBC}") = "Hexadecimal To Ddecimal", "Hexadecimal To Ddecimal.csproj", "{93355A8C-71BE-418B-B6D4-3F25B8E4F0CE}"
EndProject
Global
	GlobalSection(SolutionConfigurationPlatforms) = preSolution
		Debug|Any CPU = Debug|Any CPU
		Release|Any CPU = Release|Any CPU
	EndGlobalSection
	GlobalSection(ProjectConfigurationPlatforms) = postSolution
		{93355A8C-71BE-418B-B6D4-3F25B8E4F0CE}.Debug|Any CPU.ActiveCfg = Debug|Any CPU
		{93355A8C-71BE-418B-B6D4-3F25B8E4F0CE}.Debug|Any CPU.Build.0 = Debug|Any CPU
		{93355A8C-71BE-418B-B6D4-3F25B8E4F0CE}.Release|Any CPU.ActiveCfg = Release|Any CPU
		{93355A8C-71BE-418B-B6D4-3F25B8E4F0CE}.Release|Any CPU.Build.0 = Release|Any CPU
	EndGlobalSection
	GlobalSection(SolutionProperties) = preSolution
		HideSolutionNode = FALSE
	EndGlobalSection
	GlobalSection(ExtensibilityGlobals) = postSolution
		SolutionGuid = {4498C575-1E18-4542-985E-B9725D141A25}
	EndGlobalSection
EndGlobal
