
Microsoft Visual Studio Solution File, Format Version 12.00
# Visual Studio Version 17
VisualStudioVersion = 17.0.31912.275
MinimumVisualStudioVersion = 10.0.40219.1
Project("{FAE04EC0-301F-11D3-BF4B-00C04F79EFBC}") = "Temperatures", "Temperatures.csproj", "{F1E0F4A2-354B-4CB4-AC27-E9794E0D4BD7}"
EndProject
Global
	GlobalSection(SolutionConfigurationPlatforms) = preSolution
		Debug|Any CPU = Debug|Any CPU
		Release|Any CPU = Release|Any CPU
	EndGlobalSection
	GlobalSection(ProjectConfigurationPlatforms) = postSolution
		{F1E0F4A2-354B-4CB4-AC27-E9794E0D4BD7}.Debug|Any CPU.ActiveCfg = Debug|Any CPU
		{F1E0F4A2-354B-4CB4-AC27-E9794E0D4BD7}.Debug|Any CPU.Build.0 = Debug|Any CPU
		{F1E0F4A2-354B-4CB4-AC27-E9794E0D4BD7}.Release|Any CPU.ActiveCfg = Release|Any CPU
		{F1E0F4A2-354B-4CB4-AC27-E9794E0D4BD7}.Release|Any CPU.Build.0 = Release|Any CPU
	EndGlobalSection
	GlobalSection(SolutionProperties) = preSolution
		HideSolutionNode = FALSE
	EndGlobalSection
	GlobalSection(ExtensibilityGlobals) = postSolution
		SolutionGuid = {58CA4D70-F83A-4665-AD5E-9C3E96B274A1}
	EndGlobalSection
EndGlobal
